
Microsoft Visual Studio Solution File, Format Version 12.00
# Visual Studio Version 17
VisualStudioVersion = 17.11.35208.52
MinimumVisualStudioVersion = 10.0.40219.1
Project("{FAE04EC0-301F-11D3-BF4B-00C04F79EFBC}") = "WebApplication2", "WebApplication2\WebApplication2.csproj", "{9007D897-F393-44E1-BC22-8AA9DC6383EC}"
EndProject
Global
	GlobalSection(SolutionConfigurationPlatforms) = preSolution
		Debug|Any CPU = Debug|Any CPU
		Release|Any CPU = Release|Any CPU
	EndGlobalSection
	GlobalSection(ProjectConfigurationPlatforms) = postSolution
		{9007D897-F393-44E1-BC22-8AA9DC6383EC}.Debug|Any CPU.ActiveCfg = Debug|Any CPU
		{9007D897-F393-44E1-BC22-8AA9DC6383EC}.Debug|Any CPU.Build.0 = Debug|Any CPU
		{9007D897-F393-44E1-BC22-8AA9DC6383EC}.Release|Any CPU.ActiveCfg = Release|Any CPU
		{9007D897-F393-44E1-BC22-8AA9DC6383EC}.Release|Any CPU.Build.0 = Release|Any CPU
	EndGlobalSection
	GlobalSection(SolutionProperties) = preSolution
		HideSolutionNode = FALSE
	EndGlobalSection
	GlobalSection(ExtensibilityGlobals) = postSolution
		SolutionGuid = {BA04368F-DCBA-447B-929A-49C54C61F505}
	EndGlobalSection
EndGlobal
